
Microsoft Visual Studio Solution File, Format Version 12.00
# Visual Studio Version 17
VisualStudioVersion = 17.0.32126.317
MinimumVisualStudioVersion = 10.0.40219.1
Project("{FAE04EC0-301F-11D3-BF4B-00C04F79EFBC}") = "JogodaVelha", "JogodaVelha\JogodaVelha.csproj", "{F5E5B644-B6DB-462E-A2E9-87377069CC84}"
EndProject
Global
	GlobalSection(SolutionConfigurationPlatforms) = preSolution
		Debug|Any CPU = Debug|Any CPU
		Release|Any CPU = Release|Any CPU
	EndGlobalSection
	GlobalSection(ProjectConfigurationPlatforms) = postSolution
		{F5E5B644-B6DB-462E-A2E9-87377069CC84}.Debug|Any CPU.ActiveCfg = Debug|Any CPU
		{F5E5B644-B6DB-462E-A2E9-87377069CC84}.Debug|Any CPU.Build.0 = Debug|Any CPU
		{F5E5B644-B6DB-462E-A2E9-87377069CC84}.Release|Any CPU.ActiveCfg = Release|Any CPU
		{F5E5B644-B6DB-462E-A2E9-87377069CC84}.Release|Any CPU.Build.0 = Release|Any CPU
	EndGlobalSection
	GlobalSection(SolutionProperties) = preSolution
		HideSolutionNode = FALSE
	EndGlobalSection
	GlobalSection(ExtensibilityGlobals) = postSolution
		SolutionGuid = {6CED5AC3-4878-4EDD-A480-C603060A85C8}
	EndGlobalSection
EndGlobal
